
Microsoft Visual Studio Solution File, Format Version 12.00
# Visual Studio Version 17
VisualStudioVersion = 17.1.32228.430
MinimumVisualStudioVersion = 10.0.40219.1
Project("{2150E333-8FDC-42A3-9474-1A3956D46DE8}") = "Services", "Services", "{0E6DD1D1-D03B-4B25-AE4B-8E607F890F28}"
EndProject
Project("{2150E333-8FDC-42A3-9474-1A3956D46DE8}") = "Catalog", "Catalog", "{CAD97B76-219E-4CC1-B9AB-164BFE1691FE}"
EndProject
Project("{9A19103F-16F7-4668-BE54-9A1E7A4F7556}") = "Catalog.API", "Services\Catalog\Catalog.API\Catalog.API.csproj", "{4EE2E11D-46F6-48A9-A2A3-CA83A8915B49}"
EndProject
Project("{E53339B2-1760-4266-BCC7-CA923CBCF16C}") = "docker-compose", "docker-compose.dcproj", "{913B0078-344D-466E-9CF4-38BA258CE528}"
EndProject
Project("{2150E333-8FDC-42A3-9474-1A3956D46DE8}") = "Basket", "Basket", "{1BA90FFB-87A4-41FF-B5A4-4EC5F2F0AFD4}"
EndProject
Project("{9A19103F-16F7-4668-BE54-9A1E7A4F7556}") = "Basket.API", "Services\Basket\Basket.API\Basket.API.csproj", "{09EE32D9-919B-4893-AF12-2EBEDEF83D83}"
EndProject
Project("{2150E333-8FDC-42A3-9474-1A3956D46DE8}") = "Discount", "Discount", "{11F3A098-F4FF-41F1-BCCE-8F657777BC30}"
EndProject
Project("{9A19103F-16F7-4668-BE54-9A1E7A4F7556}") = "Discount.API", "Services\Discount\Discount.API\Discount.API.csproj", "{F490337A-6277-42B8-AB3E-5715B2C369DD}"
EndProject
Project("{9A19103F-16F7-4668-BE54-9A1E7A4F7556}") = "Discount.Grpc", "Services\Discount\Discount.Grpc\Discount.Grpc.csproj", "{81BC88FF-3CA4-4CF7-97E7-B79A7C425CE9}"
EndProject
Project("{2150E333-8FDC-42A3-9474-1A3956D46DE8}") = "Ordering", "Ordering", "{FB30967F-2307-44FD-8F5F-78AD9CFB50F4}"
EndProject
Project("{9A19103F-16F7-4668-BE54-9A1E7A4F7556}") = "Ordering.API", "Services\Ordering\Ordering.API\Ordering.API.csproj", "{F78BF844-60E4-4936-98C5-89C71F62FD43}"
EndProject
Project("{9A19103F-16F7-4668-BE54-9A1E7A4F7556}") = "Ordering.Domain", "Services\Ordering\Ordering.Domain\Ordering.Domain.csproj", "{362E74B9-7DC8-4BDC-82D9-B226F2AD59EE}"
EndProject
Project("{9A19103F-16F7-4668-BE54-9A1E7A4F7556}") = "Ordering.Application", "Services\Ordering\Ordering.Application\Ordering.Application.csproj", "{DAF11770-509B-443E-8000-D84B4C1F10CE}"
EndProject
Project("{9A19103F-16F7-4668-BE54-9A1E7A4F7556}") = "Ordering.Infrastructure", "Services\Ordering\Ordering.Infrastructure\Ordering.Infrastructure.csproj", "{5BB0998F-2E46-4E60-B32B-522B9D4EDE3B}"
EndProject
Project("{2150E333-8FDC-42A3-9474-1A3956D46DE8}") = "BuildingBlocks", "BuildingBlocks", "{CC06A487-03E3-4DEE-85EE-2F0430FDF858}"
EndProject
Project("{FAE04EC0-301F-11D3-BF4B-00C04F79EFBC}") = "EventBus.Messages", "BuildingBlocks\EventBus.Messages\EventBus.Messages.csproj", "{42C906C9-64EA-4A29-9D57-E63A12ABCBAA}"
EndProject
Global
	GlobalSection(SolutionConfigurationPlatforms) = preSolution
		Debug|Any CPU = Debug|Any CPU
		Release|Any CPU = Release|Any CPU
	EndGlobalSection
	GlobalSection(ProjectConfigurationPlatforms) = postSolution
		{4EE2E11D-46F6-48A9-A2A3-CA83A8915B49}.Debug|Any CPU.ActiveCfg = Debug|Any CPU
		{4EE2E11D-46F6-48A9-A2A3-CA83A8915B49}.Debug|Any CPU.Build.0 = Debug|Any CPU
		{4EE2E11D-46F6-48A9-A2A3-CA83A8915B49}.Release|Any CPU.ActiveCfg = Release|Any CPU
		{4EE2E11D-46F6-48A9-A2A3-CA83A8915B49}.Release|Any CPU.Build.0 = Release|Any CPU
		{913B0078-344D-466E-9CF4-38BA258CE528}.Debug|Any CPU.ActiveCfg = Debug|Any CPU
		{913B0078-344D-466E-9CF4-38BA258CE528}.Debug|Any CPU.Build.0 = Debug|Any CPU
		{913B0078-344D-466E-9CF4-38BA258CE528}.Release|Any CPU.ActiveCfg = Release|Any CPU
		{913B0078-344D-466E-9CF4-38BA258CE528}.Release|Any CPU.Build.0 = Release|Any CPU
		{09EE32D9-919B-4893-AF12-2EBEDEF83D83}.Debug|Any CPU.ActiveCfg = Debug|Any CPU
		{09EE32D9-919B-4893-AF12-2EBEDEF83D83}.Debug|Any CPU.Build.0 = Debug|Any CPU
		{09EE32D9-919B-4893-AF12-2EBEDEF83D83}.Release|Any CPU.ActiveCfg = Release|Any CPU
		{09EE32D9-919B-4893-AF12-2EBEDEF83D83}.Release|Any CPU.Build.0 = Release|Any CPU
		{F490337A-6277-42B8-AB3E-5715B2C369DD}.Debug|Any CPU.ActiveCfg = Debug|Any CPU
		{F490337A-6277-42B8-AB3E-5715B2C369DD}.Debug|Any CPU.Build.0 = Debug|Any CPU
		{F490337A-6277-42B8-AB3E-5715B2C369DD}.Release|Any CPU.ActiveCfg = Release|Any CPU
		{F490337A-6277-42B8-AB3E-5715B2C369DD}.Release|Any CPU.Build.0 = Release|Any CPU
		{81BC88FF-3CA4-4CF7-97E7-B79A7C425CE9}.Debug|Any CPU.ActiveCfg = Debug|Any CPU
		{81BC88FF-3CA4-4CF7-97E7-B79A7C425CE9}.Debug|Any CPU.Build.0 = Debug|Any CPU
		{81BC88FF-3CA4-4CF7-97E7-B79A7C425CE9}.Release|Any CPU.ActiveCfg = Release|Any CPU
		{81BC88FF-3CA4-4CF7-97E7-B79A7C425CE9}.Release|Any CPU.Build.0 = Release|Any CPU
		{F78BF844-60E4-4936-98C5-89C71F62FD43}.Debug|Any CPU.ActiveCfg = Debug|Any CPU
		{F78BF844-60E4-4936-98C5-89C71F62FD43}.Debug|Any CPU.Build.0 = Debug|Any CPU
		{F78BF844-60E4-4936-98C5-89C71F62FD43}.Release|Any CPU.ActiveCfg = Release|Any CPU
		{F78BF844-60E4-4936-98C5-89C71F62FD43}.Release|Any CPU.Build.0 = Release|Any CPU
		{362E74B9-7DC8-4BDC-82D9-B226F2AD59EE}.Debug|Any CPU.ActiveCfg = Debug|Any CPU
		{362E74B9-7DC8-4BDC-82D9-B226F2AD59EE}.Debug|Any CPU.Build.0 = Debug|Any CPU
		{362E74B9-7DC8-4BDC-82D9-B226F2AD59EE}.Release|Any CPU.ActiveCfg = Release|Any CPU
		{362E74B9-7DC8-4BDC-82D9-B226F2AD59EE}.Release|Any CPU.Build.0 = Release|Any CPU
		{DAF11770-509B-443E-8000-D84B4C1F10CE}.Debug|Any CPU.ActiveCfg = Debug|Any CPU
		{DAF11770-509B-443E-8000-D84B4C1F10CE}.Debug|Any CPU.Build.0 = Debug|Any CPU
		{DAF11770-509B-443E-8000-D84B4C1F10CE}.Release|Any CPU.ActiveCfg = Release|Any CPU
		{DAF11770-509B-443E-8000-D84B4C1F10CE}.Release|Any CPU.Build.0 = Release|Any CPU
		{5BB0998F-2E46-4E60-B32B-522B9D4EDE3B}.Debug|Any CPU.ActiveCfg = Debug|Any CPU
		{5BB0998F-2E46-4E60-B32B-522B9D4EDE3B}.Debug|Any CPU.Build.0 = Debug|Any CPU
		{5BB0998F-2E46-4E60-B32B-522B9D4EDE3B}.Release|Any CPU.ActiveCfg = Release|Any CPU
		{5BB0998F-2E46-4E60-B32B-522B9D4EDE3B}.Release|Any CPU.Build.0 = Release|Any CPU
		{42C906C9-64EA-4A29-9D57-E63A12ABCBAA}.Debug|Any CPU.ActiveCfg = Debug|Any CPU
		{42C906C9-64EA-4A29-9D57-E63A12ABCBAA}.Debug|Any CPU.Build.0 = Debug|Any CPU
		{42C906C9-64EA-4A29-9D57-E63A12ABCBAA}.Release|Any CPU.ActiveCfg = Release|Any CPU
		{42C906C9-64EA-4A29-9D57-E63A12ABCBAA}.Release|Any CPU.Build.0 = Release|Any CPU
	EndGlobalSection
	GlobalSection(SolutionProperties) = preSolution
		HideSolutionNode = FALSE
	EndGlobalSection
	GlobalSection(NestedProjects) = preSolution
		{CAD97B76-219E-4CC1-B9AB-164BFE1691FE} = {0E6DD1D1-D03B-4B25-AE4B-8E607F890F28}
		{4EE2E11D-46F6-48A9-A2A3-CA83A8915B49} = {CAD97B76-219E-4CC1-B9AB-164BFE1691FE}
		{1BA90FFB-87A4-41FF-B5A4-4EC5F2F0AFD4} = {0E6DD1D1-D03B-4B25-AE4B-8E607F890F28}
		{09EE32D9-919B-4893-AF12-2EBEDEF83D83} = {1BA90FFB-87A4-41FF-B5A4-4EC5F2F0AFD4}
		{11F3A098-F4FF-41F1-BCCE-8F657777BC30} = {0E6DD1D1-D03B-4B25-AE4B-8E607F890F28}
		{F490337A-6277-42B8-AB3E-5715B2C369DD} = {11F3A098-F4FF-41F1-BCCE-8F657777BC30}
		{81BC88FF-3CA4-4CF7-97E7-B79A7C425CE9} = {11F3A098-F4FF-41F1-BCCE-8F657777BC30}
		{FB30967F-2307-44FD-8F5F-78AD9CFB50F4} = {0E6DD1D1-D03B-4B25-AE4B-8E607F890F28}
		{F78BF844-60E4-4936-98C5-89C71F62FD43} = {FB30967F-2307-44FD-8F5F-78AD9CFB50F4}
		{362E74B9-7DC8-4BDC-82D9-B226F2AD59EE} = {FB30967F-2307-44FD-8F5F-78AD9CFB50F4}
		{DAF11770-509B-443E-8000-D84B4C1F10CE} = {FB30967F-2307-44FD-8F5F-78AD9CFB50F4}
		{5BB0998F-2E46-4E60-B32B-522B9D4EDE3B} = {FB30967F-2307-44FD-8F5F-78AD9CFB50F4}
		{42C906C9-64EA-4A29-9D57-E63A12ABCBAA} = {CC06A487-03E3-4DEE-85EE-2F0430FDF858}
	EndGlobalSection
	GlobalSection(ExtensibilityGlobals) = postSolution
		SolutionGuid = {235AB345-71C2-4E57-851D-883A7F64A53C}
	EndGlobalSection
EndGlobal
